{
  "requires": true,
  "lockfileVersion": 1,
  "dependencies": {
    "@angular/cdk": {
      "version": "10.2.4",
      "resolved": "https://registry.npmjs.org/@angular/cdk/-/cdk-10.2.4.tgz",
      "integrity": "sha512-Ccm/iRb6zELWwMem6qTnFCalMVX/aS17hhN65efpNKrH3ovhyQSPWtF4p9IaEJ3rZpfXqXMPBneJ9ZXAA/iKog==",
      "requires": {
        "parse5": "^5.0.0",
        "tslib": "^2.0.0"
      }
    },
    "parse5": {
      "version": "5.1.1",
      "resolved": "https://registry.npmjs.org/parse5/-/parse5-5.1.1.tgz",
      "integrity": "sha512-ugq4DFI0Ptb+WWjAdOK16+u/nHfiIrcE+sh8kZMaM0WllQKLI9rOUq6c2b7cwPkXdzfQESqvoqK6ug7U/Yyzug=="
    },
    "primeicons": {
      "version": "4.0.0",
      "resolved": "https://registry.npmjs.org/primeicons/-/primeicons-4.0.0.tgz",
      "integrity": "sha512-JQBIswGSItn8I0Pq21RchENpKJxSi1MjfBDfggMQpXtoKNKblJoHmol/7tCV3CAV2Dlb94ht8TD8qdIAW01pGg=="
    },
    "primeng": {
      "version": "10.0.3",
      "resolved": "https://registry.npmjs.org/primeng/-/primeng-10.0.3.tgz",
      "integrity": "sha512-Nsiwpmy3RlFPBlxabdzeAYxFn4fXEyZjj7iAi1X5J4RRGD7NoB67+NbnOInE1rXTnNVHYxCca91OvaNiHSWWrg==",
      "requires": {
        "tslib": "^2.0.0"
      }
    },
    "tslib": {
      "version": "2.0.3",
      "resolved": "https://registry.npmjs.org/tslib/-/tslib-2.0.3.tgz",
      "integrity": "sha512-uZtkfKblCEQtZKBF6EBXVZeQNl82yqtDQdv+eck8u7tdPxjLu2/lp5/uPW+um2tpuxINHWy3GhiccY7QgEaVHQ=="
    }
  }
}
